<?xml version="1.0" encoding="utf-8"?>
<Project ToolsVersion="4.0" xmlns="http://schemas.microsoft.com/developer/msbuild/2003">
  <ItemGroup>
    <ClCompile Include="..\OPCClientDemo\stdafx.cpp">
      <Filter>Source Files</Filter>
    </ClCompile>
    <ClCompile Include="LocalSyncOPCCLient.cpp">
      <Filter>Source Files</Filter>
    </ClCompile>
    <ClCompile Include="main.cpp">
      <Filter>Source Files</Filter>
    </ClCompile>
  </ItemGroup>
  <ItemGroup>
    <ClInclude Include="..\OPCClientDemo\stdafx.h">
      <Filter>Header Files</Filter>
    </ClInclude>
    <ClInclude Include="LocalSyncOPCCLient.h">
      <Filter>Header Files</Filter>
    </ClInclude>
  </ItemGroup>
  <ItemGroup>
    <Filter Include="Header Files">
      <UniqueIdentifier>{80db13d7-09c6-4e69-a57a-dc776b18a6e3}</UniqueIdentifier>
    </Filter>
    <Filter Include="Source Files">
      <UniqueIdentifier>{aed67062-d297-4ba4-a834-e234ca12e21f}</UniqueIdentifier>
    </Filter>
  </ItemGroup>
</Project>